
Microsoft Visual Studio Solution File, Format Version 12.00
# Visual Studio Version 17
VisualStudioVersion = 17.2.32519.379
MinimumVisualStudioVersion = 10.0.40219.1
Project("{8BC9CEB8-8B4A-11D0-8D11-00A0C91BC942}") = "PR6.4 OOP", "PR6.4 OOP\PR6.4 OOP.vcxproj", "{B64E7F33-551B-40CC-B725-87F59E8464C1}"
EndProject
Project("{8BC9CEB8-8B4A-11D0-8D11-00A0C91BC942}") = "UnitTest1", "UnitTest1\UnitTest1.vcxproj", "{C95C1A73-484E-48ED-A074-A793B6D13C64}"
EndProject
Global
	GlobalSection(SolutionConfigurationPlatforms) = preSolution
		Debug|x64 = Debug|x64
		Debug|x86 = Debug|x86
		Release|x64 = Release|x64
		Release|x86 = Release|x86
	EndGlobalSection
	GlobalSection(ProjectConfigurationPlatforms) = postSolution
		{B64E7F33-551B-40CC-B725-87F59E8464C1}.Debug|x64.ActiveCfg = Debug|x64
		{B64E7F33-551B-40CC-B725-87F59E8464C1}.Debug|x64.Build.0 = Debug|x64
		{B64E7F33-551B-40CC-B725-87F59E8464C1}.Debug|x86.ActiveCfg = Debug|Win32
		{B64E7F33-551B-40CC-B725-87F59E8464C1}.Debug|x86.Build.0 = Debug|Win32
		{B64E7F33-551B-40CC-B725-87F59E8464C1}.Release|x64.ActiveCfg = Release|x64
		{B64E7F33-551B-40CC-B725-87F59E8464C1}.Release|x64.Build.0 = Release|x64
		{B64E7F33-551B-40CC-B725-87F59E8464C1}.Release|x86.ActiveCfg = Release|Win32
		{B64E7F33-551B-40CC-B725-87F59E8464C1}.Release|x86.Build.0 = Release|Win32
		{C95C1A73-484E-48ED-A074-A793B6D13C64}.Debug|x64.ActiveCfg = Debug|x64
		{C95C1A73-484E-48ED-A074-A793B6D13C64}.Debug|x64.Build.0 = Debug|x64
		{C95C1A73-484E-48ED-A074-A793B6D13C64}.Debug|x86.ActiveCfg = Debug|Win32
		{C95C1A73-484E-48ED-A074-A793B6D13C64}.Debug|x86.Build.0 = Debug|Win32
		{C95C1A73-484E-48ED-A074-A793B6D13C64}.Release|x64.ActiveCfg = Release|x64
		{C95C1A73-484E-48ED-A074-A793B6D13C64}.Release|x64.Build.0 = Release|x64
		{C95C1A73-484E-48ED-A074-A793B6D13C64}.Release|x86.ActiveCfg = Release|Win32
		{C95C1A73-484E-48ED-A074-A793B6D13C64}.Release|x86.Build.0 = Release|Win32
	EndGlobalSection
	GlobalSection(SolutionProperties) = preSolution
		HideSolutionNode = FALSE
	EndGlobalSection
	GlobalSection(ExtensibilityGlobals) = postSolution
		SolutionGuid = {2D87B0F9-C309-4726-8D4B-89906E4B530C}
	EndGlobalSection
EndGlobal
